<?xml version="1.0" encoding="utf-8"?>
<Project ToolsVersion="4.0" xmlns="http://schemas.microsoft.com/developer/msbuild/2003">
  <ItemGroup>
    <Filter Include="Header Files">
      <UniqueIdentifier>{93995380-89BD-4b04-88EB-625FBE52EBFB}</UniqueIdentifier>
      <Extensions>h;hh;hpp;hxx;hm;inl;inc;ipp;xsd</Extensions>
    </Filter>
    <Filter Include="pe_parser">
      <UniqueIdentifier>{1cf94dfb-5506-4570-a2a1-cf0137d71384}</UniqueIdentifier>
    </Filter>
    <Filter Include="pe_parser\Source Files">
      <UniqueIdentifier>{4FC737F1-C7A5-4376-A066-2A32D752A2FF}</UniqueIdentifier>
      <Extensions>cpp;c;cc;cxx;def;odl;idl;hpj;bat;asm;asmx</Extensions>
    </Filter>
    <Filter Include="pe_parser\Header Files">
      <UniqueIdentifier>{84ed980b-3aa8-4e77-85cc-e7d884c49d86}</UniqueIdentifier>
      <Extensions>h;hh;hpp;hxx;hm;inl;inc;ipp;xsd</Extensions>
    </Filter>
    <Filter Include="utils">
      <UniqueIdentifier>{e6529fa5-b5ec-405a-8763-029c750e64f6}</UniqueIdentifier>
    </Filter>
    <Filter Include="utils\Header Files">
      <UniqueIdentifier>{5f0cfcc8-7af1-4e6c-bc02-e02ca2228e26}</UniqueIdentifier>
      <Extensions>h;hh;hpp;hxx;hm;inl;inc;ipp;xsd</Extensions>
    </Filter>
    <Filter Include="utils\Source Files">
      <UniqueIdentifier>{7029dbc6-0310-4bce-956c-2e96866ce06a}</UniqueIdentifier>
      <Extensions>cpp;c;cc;cxx;def;odl;idl;hpj;bat;asm;asmx</Extensions>
    </Filter>
    <Filter Include="hooks">
      <UniqueIdentifier>{ab8d45fc-4f16-4758-a58e-1c88885574b1}</UniqueIdentifier>
    </Filter>
    <Filter Include="hooks\Header Files">
      <UniqueIdentifier>{6338e83b-aad8-4720-ae75-b982ee840add}</UniqueIdentifier>
      <Extensions>h;hh;hpp;hxx;hm;inl;inc;ipp;xsd</Extensions>
    </Filter>
    <Filter Include="hooks\Source Files">
      <UniqueIdentifier>{d22f0f89-03e8-4987-8ade-82e7fd27f942}</UniqueIdentifier>
      <Extensions>cpp;c;cc;cxx;def;odl;idl;hpj;bat;asm;asmx</Extensions>
    </Filter>
  </ItemGroup>
  <ItemGroup>
    <ClInclude Include="PEFile.h">
      <Filter>pe_parser\Header Files</Filter>
    </ClInclude>
    <ClInclude Include="ModuleHandle.h">
      <Filter>pe_parser\Header Files</Filter>
    </ClInclude>
    <ClInclude Include="ImportedModule.h">
      <Filter>pe_parser\Header Files</Filter>
    </ClInclude>
    <ClInclude Include="ImportedFunction.h">
      <Filter>pe_parser\Header Files</Filter>
    </ClInclude>
    <ClInclude Include="ImportDirectory.h">
      <Filter>pe_parser\Header Files</Filter>
    </ClInclude>
    <ClInclude Include="CaseInsensitiveString.h">
      <Filter>utils\Header Files</Filter>
    </ClInclude>
    <ClInclude Include="Common.h">
      <Filter>Header Files</Filter>
    </ClInclude>
    <ClInclude Include="Algorithms.h">
      <Filter>utils\Header Files</Filter>
    </ClInclude>
    <ClInclude Include="MemoryProtectionGuard.h">
      <Filter>utils\Header Files</Filter>
    </ClInclude>
    <ClInclude Include="HookedFunction.h">
      <Filter>hooks\Header Files</Filter>
    </ClInclude>
    <ClInclude Include="IATHook.h">
      <Filter>hooks\Header Files</Filter>
    </ClInclude>
    <ClInclude Include="DelayLoadDirectory.h">
      <Filter>pe_parser\Header Files</Filter>
    </ClInclude>
    <ClInclude Include="DelayLoadedModule.h">
      <Filter>pe_parser\Header Files</Filter>
    </ClInclude>
    <ClInclude Include="Event.h">
      <Filter>utils\Header Files</Filter>
    </ClInclude>
    <ClInclude Include="WindowsError.h">
      <Filter>utils\Header Files</Filter>
    </ClInclude>
  </ItemGroup>
  <ItemGroup>
    <ClCompile Include="PEFile.cpp">
      <Filter>pe_parser\Source Files</Filter>
    </ClCompile>
    <ClCompile Include="ImportDirectory.cpp">
      <Filter>pe_parser\Source Files</Filter>
    </ClCompile>
    <ClCompile Include="ImportedModule.cpp">
      <Filter>pe_parser\Source Files</Filter>
    </ClCompile>
    <ClCompile Include="ImportedFunction.cpp">
      <Filter>pe_parser\Source Files</Filter>
    </ClCompile>
    <ClCompile Include="ModuleHandle.cpp">
      <Filter>utils\Source Files</Filter>
    </ClCompile>
    <ClCompile Include="MemoryProtectionGuard.cpp">
      <Filter>utils\Source Files</Filter>
    </ClCompile>
    <ClCompile Include="IATHook.cpp">
      <Filter>hooks\Source Files</Filter>
    </ClCompile>
    <ClCompile Include="DelayLoadDirectory.cpp">
      <Filter>pe_parser\Source Files</Filter>
    </ClCompile>
    <ClCompile Include="DelayLoadedModule.cpp">
      <Filter>pe_parser\Source Files</Filter>
    </ClCompile>
    <ClCompile Include="Event.cpp">
      <Filter>utils\Source Files</Filter>
    </ClCompile>
  </ItemGroup>
</Project>